
Microsoft Visual Studio Solution File, Format Version 12.00
# Visual Studio Version 16
VisualStudioVersion = 16.0.29613.14
MinimumVisualStudioVersion = 10.0.40219.1
Project("{9A19103F-16F7-4668-BE54-9A1E7A4F7556}") = "DanskeTechnicalTask", "DanskeTechnicalTask\DanskeTechnicalTask.csproj", "{80C87C3E-7B6C-4ADF-98D2-475BC3C97370}"
EndProject
Project("{FAE04EC0-301F-11D3-BF4B-00C04F79EFBC}") = "DnaskeTechnicalTask.Tests", "DnaskeTechnicalTask.Tests\DnaskeTechnicalTask.Tests.csproj", "{B6D47783-C1E8-4759-B2B1-D1262E2DFDCB}"
EndProject
Global
	GlobalSection(SolutionConfigurationPlatforms) = preSolution
		Debug|Any CPU = Debug|Any CPU
		Release|Any CPU = Release|Any CPU
	EndGlobalSection
	GlobalSection(ProjectConfigurationPlatforms) = postSolution
		{80C87C3E-7B6C-4ADF-98D2-475BC3C97370}.Debug|Any CPU.ActiveCfg = Debug|Any CPU
		{80C87C3E-7B6C-4ADF-98D2-475BC3C97370}.Debug|Any CPU.Build.0 = Debug|Any CPU
		{80C87C3E-7B6C-4ADF-98D2-475BC3C97370}.Release|Any CPU.ActiveCfg = Release|Any CPU
		{80C87C3E-7B6C-4ADF-98D2-475BC3C97370}.Release|Any CPU.Build.0 = Release|Any CPU
		{B6D47783-C1E8-4759-B2B1-D1262E2DFDCB}.Debug|Any CPU.ActiveCfg = Debug|Any CPU
		{B6D47783-C1E8-4759-B2B1-D1262E2DFDCB}.Debug|Any CPU.Build.0 = Debug|Any CPU
		{B6D47783-C1E8-4759-B2B1-D1262E2DFDCB}.Release|Any CPU.ActiveCfg = Release|Any CPU
		{B6D47783-C1E8-4759-B2B1-D1262E2DFDCB}.Release|Any CPU.Build.0 = Release|Any CPU
	EndGlobalSection
	GlobalSection(SolutionProperties) = preSolution
		HideSolutionNode = FALSE
	EndGlobalSection
	GlobalSection(ExtensibilityGlobals) = postSolution
		SolutionGuid = {63FE9FBB-CCB4-4A21-9CE5-4E52CCF081E3}
	EndGlobalSection
EndGlobal
